version = 1
revision = 2
requires-python = ">=3.11, <3.13"

[[package]]
name = "joblib"
version = "1.5.1"
source = { registry = "https://pypi.org/simple" }
sdist = { url = "https://files.pythonhosted.org/packages/dc/fe/0f5a938c54105553436dbff7a61dc4fed4b1b2c98852f8833beaf4d5968f/joblib-1.5.1.tar.gz", hash = "sha256:f4f86e351f39fe3d0d32a9f2c3d8af1ee4cec285aafcb27003dda5205576b444", size = 330475, upload-time = "2025-05-23T12:04:37.097Z" }
wheels = [
    { url = "https://files.pythonhosted.org/packages/7d/4f/1195bbac8e0c2acc5f740661631d8d750dc38d4a32b23ee5df3cde6f4e0d/joblib-1.5.1-py3-none-any.whl", hash = "sha256:4719a31f054c7d766948dcd83e9613686b27114f190f717cec7eaa2084f8a74a", size = 307746, upload-time = "2025-05-23T12:04:35.124Z" },
]

[[package]]
name = "js-embedding-vis-py"
version = "0.1.0"
source = { editable = "." }

[package.dev-dependencies]
dev = [
    { name = "muutils" },
    { name = "numpy" },
    { name = "scikit-learn" },
]

[package.metadata]

[package.metadata.requires-dev]
dev = [
    { name = "muutils", specifier = ">=0.8.10" },
    { name = "numpy" },
    { name = "scikit-learn" },
]

[[package]]
name = "muutils"
version = "0.8.10"
source = { registry = "https://pypi.org/simple" }
sdist = { url = "https://files.pythonhosted.org/packages/8b/a1/a35e5eefd361a8b4d45443c82b0efe96e86d6e0adcc9f43cca35eebbcd08/muutils-0.8.10.tar.gz", hash = "sha256:a91536af88987bc8c82a9bdb3a79e60eb0b927270ed9638b9ae71016ebe99f91", size = 3018884, upload-time = "2025-06-06T17:30:24.105Z" }
wheels = [
    { url = "https://files.pythonhosted.org/packages/a0/27/694b68bae720089fc1b68889d73716ab52c236b0e3713debbc72e6499cb8/muutils-0.8.10-py3-none-any.whl", hash = "sha256:71ab76071b496251520da0368cc5ff947667f64bb2af2907c0a44b09c82896e1", size = 122997, upload-time = "2025-06-06T17:30:21.411Z" },
]

[[package]]
name = "numpy"
version = "2.3.1"
source = { registry = "https://pypi.org/simple" }
sdist = { url = "https://files.pythonhosted.org/packages/2e/19/d7c972dfe90a353dbd3efbbe1d14a5951de80c99c9dc1b93cd998d51dc0f/numpy-2.3.1.tar.gz", hash = "sha256:1ec9ae20a4226da374362cca3c62cd753faf2f951440b0e3b98e93c235441d2b", size = 20390372, upload-time = "2025-06-21T12:28:33.469Z" }
wheels = [
    { url = "https://files.pythonhosted.org/packages/b0/c7/87c64d7ab426156530676000c94784ef55676df2f13b2796f97722464124/numpy-2.3.1-cp311-cp311-macosx_10_9_x86_64.whl", hash = "sha256:6ea9e48336a402551f52cd8f593343699003d2353daa4b72ce8d34f66b722070", size = 21199346, upload-time = "2025-06-21T11:47:47.57Z" },
    { url = "https://files.pythonhosted.org/packages/58/0e/0966c2f44beeac12af8d836e5b5f826a407cf34c45cb73ddcdfce9f5960b/numpy-2.3.1-cp311-cp311-macosx_11_0_arm64.whl", hash = "sha256:5ccb7336eaf0e77c1635b232c141846493a588ec9ea777a7c24d7166bb8533ae", size = 14361143, upload-time = "2025-06-21T11:48:10.766Z" },
    { url = "https://files.pythonhosted.org/packages/7d/31/6e35a247acb1bfc19226791dfc7d4c30002cd4e620e11e58b0ddf836fe52/numpy-2.3.1-cp311-cp311-macosx_14_0_arm64.whl", hash = "sha256:0bb3a4a61e1d327e035275d2a993c96fa786e4913aa089843e6a2d9dd205c66a", size = 5378989, upload-time = "2025-06-21T11:48:19.998Z" },
    { url = "https://files.pythonhosted.org/packages/b0/25/93b621219bb6f5a2d4e713a824522c69ab1f06a57cd571cda70e2e31af44/numpy-2.3.1-cp311-cp311-macosx_14_0_x86_64.whl", hash = "sha256:e344eb79dab01f1e838ebb67aab09965fb271d6da6b00adda26328ac27d4a66e", size = 6912890, upload-time = "2025-06-21T11:48:31.376Z" },
    { url = "https://files.pythonhosted.org/packages/ef/60/6b06ed98d11fb32e27fb59468b42383f3877146d3ee639f733776b6ac596/numpy-2.3.1-cp311-cp311-manylinux_2_28_aarch64.whl", hash = "sha256:467db865b392168ceb1ef1ffa6f5a86e62468c43e0cfb4ab6da667ede10e58db", size = 14569032, upload-time = "2025-06-21T11:48:52.563Z" },
    { url = "https://files.pythonhosted.org/packages/75/c9/9bec03675192077467a9c7c2bdd1f2e922bd01d3a69b15c3a0fdcd8548f6/numpy-2.3.1-cp311-cp311-manylinux_2_28_x86_64.whl", hash = "sha256:afed2ce4a84f6b0fc6c1ce734ff368cbf5a5e24e8954a338f3bdffa0718adffb", size = 16930354, upload-time = "2025-06-21T11:49:17.473Z" },
    { url = "https://files.pythonhosted.org/packages/6a/e2/5756a00cabcf50a3f527a0c968b2b4881c62b1379223931853114fa04cda/numpy-2.3.1-cp311-cp311-musllinux_1_2_aarch64.whl", hash = "sha256:0025048b3c1557a20bc80d06fdeb8cc7fc193721484cca82b2cfa072fec71a93", size = 15879605, upload-time = "2025-06-21T11:49:41.161Z" },
    { url = "https://files.pythonhosted.org/packages/ff/86/a471f65f0a86f1ca62dcc90b9fa46174dd48f50214e5446bc16a775646c5/numpy-2.3.1-cp311-cp311-musllinux_1_2_x86_64.whl", hash = "sha256:a5ee121b60aa509679b682819c602579e1df14a5b07fe95671c8849aad8f2115", size = 18666994, upload-time = "2025-06-21T11:50:08.516Z" },
    { url = "https://files.pythonhosted.org/packages/43/a6/482a53e469b32be6500aaf61cfafd1de7a0b0d484babf679209c3298852e/numpy-2.3.1-cp311-cp311-win32.whl", hash = "sha256:a8b740f5579ae4585831b3cf0e3b0425c667274f82a484866d2adf9570539369", size = 6603672, upload-time = "2025-06-21T11:50:19.584Z" },
    { url = "https://files.pythonhosted.org/packages/6b/fb/bb613f4122c310a13ec67585c70e14b03bfc7ebabd24f4d5138b97371d7c/numpy-2.3.1-cp311-cp311-win_amd64.whl", hash = "sha256:d4580adadc53311b163444f877e0789f1c8861e2698f6b2a4ca852fda154f3ff", size = 13024015, upload-time = "2025-06-21T11:50:39.139Z" },
    { url = "https://files.pythonhosted.org/packages/51/58/2d842825af9a0c041aca246dc92eb725e1bc5e1c9ac89712625db0c4e11c/numpy-2.3.1-cp311-cp311-win_arm64.whl", hash = "sha256:ec0bdafa906f95adc9a0c6f26a4871fa753f25caaa0e032578a30457bff0af6a", size = 10456989, upload-time = "2025-06-21T11:50:55.616Z" },
    { url = "https://files.pythonhosted.org/packages/c6/56/71ad5022e2f63cfe0ca93559403d0edef14aea70a841d640bd13cdba578e/numpy-2.3.1-cp312-cp312-macosx_10_13_x86_64.whl", hash = "sha256:2959d8f268f3d8ee402b04a9ec4bb7604555aeacf78b360dc4ec27f1d508177d", size = 20896664, upload-time = "2025-06-21T12:15:30.845Z" },
    { url = "https://files.pythonhosted.org/packages/25/65/2db52ba049813670f7f987cc5db6dac9be7cd95e923cc6832b3d32d87cef/numpy-2.3.1-cp312-cp312-macosx_11_0_arm64.whl", hash = "sha256:762e0c0c6b56bdedfef9a8e1d4538556438288c4276901ea008ae44091954e29", size = 14131078, upload-time = "2025-06-21T12:15:52.23Z" },
    { url = "https://files.pythonhosted.org/packages/57/dd/28fa3c17b0e751047ac928c1e1b6990238faad76e9b147e585b573d9d1bd/numpy-2.3.1-cp312-cp312-macosx_14_0_arm64.whl", hash = "sha256:867ef172a0976aaa1f1d1b63cf2090de8b636a7674607d514505fb7276ab08fc", size = 5112554, upload-time = "2025-06-21T12:16:01.434Z" },
    { url = "https://files.pythonhosted.org/packages/c9/fc/84ea0cba8e760c4644b708b6819d91784c290288c27aca916115e3311d17/numpy-2.3.1-cp312-cp312-macosx_14_0_x86_64.whl", hash = "sha256:4e602e1b8682c2b833af89ba641ad4176053aaa50f5cacda1a27004352dde943", size = 6646560, upload-time = "2025-06-21T12:16:11.895Z" },
    { url = "https://files.pythonhosted.org/packages/61/b2/512b0c2ddec985ad1e496b0bd853eeb572315c0f07cd6997473ced8f15e2/numpy-2.3.1-cp312-cp312-manylinux_2_28_aarch64.whl", hash = "sha256:8e333040d069eba1652fb08962ec5b76af7f2c7bce1df7e1418c8055cf776f25", size = 14260638, upload-time = "2025-06-21T12:16:32.611Z" },
    { url = "https://files.pythonhosted.org/packages/6e/45/c51cb248e679a6c6ab14b7a8e3ead3f4a3fe7425fc7a6f98b3f147bec532/numpy-2.3.1-cp312-cp312-manylinux_2_28_x86_64.whl", hash = "sha256:e7cbf5a5eafd8d230a3ce356d892512185230e4781a361229bd902ff403bc660", size = 16632729, upload-time = "2025-06-21T12:16:57.439Z" },
    { url = "https://files.pythonhosted.org/packages/e4/ff/feb4be2e5c09a3da161b412019caf47183099cbea1132fd98061808c2df2/numpy-2.3.1-cp312-cp312-musllinux_1_2_aarch64.whl", hash = "sha256:5f1b8f26d1086835f442286c1d9b64bb3974b0b1e41bb105358fd07d20872952", size = 15565330, upload-time = "2025-06-21T12:17:20.638Z" },
    { url = "https://files.pythonhosted.org/packages/bc/6d/ceafe87587101e9ab0d370e4f6e5f3f3a85b9a697f2318738e5e7e176ce3/numpy-2.3.1-cp312-cp312-musllinux_1_2_x86_64.whl", hash = "sha256:ee8340cb48c9b7a5899d1149eece41ca535513a9698098edbade2a8e7a84da77", size = 18361734, upload-time = "2025-06-21T12:17:47.938Z" },
    { url = "https://files.pythonhosted.org/packages/2b/19/0fb49a3ea088be691f040c9bf1817e4669a339d6e98579f91859b902c636/numpy-2.3.1-cp312-cp312-win32.whl", hash = "sha256:e772dda20a6002ef7061713dc1e2585bc1b534e7909b2030b5a46dae8ff077ab", size = 6320411, upload-time = "2025-06-21T12:17:58.475Z" },
    { url = "https://files.pythonhosted.org/packages/b1/3e/e28f4c1dd9e042eb57a3eb652f200225e311b608632bc727ae378623d4f8/numpy-2.3.1-cp312-cp312-win_amd64.whl", hash = "sha256:cfecc7822543abdea6de08758091da655ea2210b8ffa1faf116b940693d3df76", size = 12734973, upload-time = "2025-06-21T12:18:17.601Z" },
    { url = "https://files.pythonhosted.org/packages/04/a8/8a5e9079dc722acf53522b8f8842e79541ea81835e9b5483388701421073/numpy-2.3.1-cp312-cp312-win_arm64.whl", hash = "sha256:7be91b2239af2658653c5bb6f1b8bccafaf08226a258caf78ce44710a0160d30", size = 10191491, upload-time = "2025-06-21T12:18:33.585Z" },
    { url = "https://files.pythonhosted.org/packages/e8/34/facc13b9b42ddca30498fc51f7f73c3d0f2be179943a4b4da8686e259740/numpy-2.3.1-pp311-pypy311_pp73-macosx_10_15_x86_64.whl", hash = "sha256:ad506d4b09e684394c42c966ec1527f6ebc25da7f4da4b1b056606ffe446b8a3", size = 21070637, upload-time = "2025-06-21T12:26:12.518Z" },
    { url = "https://files.pythonhosted.org/packages/65/b6/41b705d9dbae04649b529fc9bd3387664c3281c7cd78b404a4efe73dcc45/numpy-2.3.1-pp311-pypy311_pp73-macosx_14_0_arm64.whl", hash = "sha256:ebb8603d45bc86bbd5edb0d63e52c5fd9e7945d3a503b77e486bd88dde67a19b", size = 5304087, upload-time = "2025-06-21T12:26:22.294Z" },
    { url = "https://files.pythonhosted.org/packages/7a/b4/fe3ac1902bff7a4934a22d49e1c9d71a623204d654d4cc43c6e8fe337fcb/numpy-2.3.1-pp311-pypy311_pp73-macosx_14_0_x86_64.whl", hash = "sha256:15aa4c392ac396e2ad3d0a2680c0f0dee420f9fed14eef09bdb9450ee6dcb7b7", size = 6817588, upload-time = "2025-06-21T12:26:32.939Z" },
    { url = "https://files.pythonhosted.org/packages/ae/ee/89bedf69c36ace1ac8f59e97811c1f5031e179a37e4821c3a230bf750142/numpy-2.3.1-pp311-pypy311_pp73-manylinux_2_28_aarch64.whl", hash = "sha256:c6e0bf9d1a2f50d2b65a7cf56db37c095af17b59f6c132396f7c6d5dd76484df", size = 14399010, upload-time = "2025-06-21T12:26:54.086Z" },
    { url = "https://files.pythonhosted.org/packages/15/08/e00e7070ede29b2b176165eba18d6f9784d5349be3c0c1218338e79c27fd/numpy-2.3.1-pp311-pypy311_pp73-manylinux_2_28_x86_64.whl", hash = "sha256:eabd7e8740d494ce2b4ea0ff05afa1b7b291e978c0ae075487c51e8bd93c0c68", size = 16752042, upload-time = "2025-06-21T12:27:19.018Z" },
    { url = "https://files.pythonhosted.org/packages/48/6b/1c6b515a83d5564b1698a61efa245727c8feecf308f4091f565988519d20/numpy-2.3.1-pp311-pypy311_pp73-win_amd64.whl", hash = "sha256:e610832418a2bc09d974cc9fecebfa51e9532d6190223bc5ef6a7402ebf3b5cb", size = 12927246, upload-time = "2025-06-21T12:27:38.618Z" },
]

[[package]]
name = "scikit-learn"
version = "1.7.0"
source = { registry = "https://pypi.org/simple" }
dependencies = [
    { name = "joblib" },
    { name = "numpy" },
    { name = "scipy" },
    { name = "threadpoolctl" },
]
sdist = { url = "https://files.pythonhosted.org/packages/df/3b/29fa87e76b1d7b3b77cc1fcbe82e6e6b8cd704410705b008822de530277c/scikit_learn-1.7.0.tar.gz", hash = "sha256:c01e869b15aec88e2cdb73d27f15bdbe03bce8e2fb43afbe77c45d399e73a5a3", size = 7178217, upload-time = "2025-06-05T22:02:46.703Z" }
wheels = [
    { url = "https://files.pythonhosted.org/packages/5a/42/c6b41711c2bee01c4800ad8da2862c0b6d2956a399d23ce4d77f2ca7f0c7/scikit_learn-1.7.0-cp311-cp311-macosx_10_9_x86_64.whl", hash = "sha256:8ef09b1615e1ad04dc0d0054ad50634514818a8eb3ee3dee99af3bffc0ef5007", size = 11719657, upload-time = "2025-06-05T22:01:56.345Z" },
    { url = "https://files.pythonhosted.org/packages/a3/24/44acca76449e391b6b2522e67a63c0454b7c1f060531bdc6d0118fb40851/scikit_learn-1.7.0-cp311-cp311-macosx_12_0_arm64.whl", hash = "sha256:7d7240c7b19edf6ed93403f43b0fcb0fe95b53bc0b17821f8fb88edab97085ef", size = 10712636, upload-time = "2025-06-05T22:01:59.093Z" },
    { url = "https://files.pythonhosted.org/packages/9f/1b/fcad1ccb29bdc9b96bcaa2ed8345d56afb77b16c0c47bafe392cc5d1d213/scikit_learn-1.7.0-cp311-cp311-manylinux_2_17_aarch64.manylinux2014_aarch64.whl", hash = "sha256:80bd3bd4e95381efc47073a720d4cbab485fc483966f1709f1fd559afac57ab8", size = 12242817, upload-time = "2025-06-05T22:02:01.43Z" },
    { url = "https://files.pythonhosted.org/packages/c6/38/48b75c3d8d268a3f19837cb8a89155ead6e97c6892bb64837183ea41db2b/scikit_learn-1.7.0-cp311-cp311-manylinux_2_17_x86_64.manylinux2014_x86_64.whl", hash = "sha256:9dbe48d69aa38ecfc5a6cda6c5df5abef0c0ebdb2468e92437e2053f84abb8bc", size = 12873961, upload-time = "2025-06-05T22:02:03.951Z" },
    { url = "https://files.pythonhosted.org/packages/f4/5a/ba91b8c57aa37dbd80d5ff958576a9a8c14317b04b671ae7f0d09b00993a/scikit_learn-1.7.0-cp311-cp311-win_amd64.whl", hash = "sha256:8fa979313b2ffdfa049ed07252dc94038def3ecd49ea2a814db5401c07f1ecfa", size = 10717277, upload-time = "2025-06-05T22:02:06.77Z" },
    { url = "https://files.pythonhosted.org/packages/70/3a/bffab14e974a665a3ee2d79766e7389572ffcaad941a246931c824afcdb2/scikit_learn-1.7.0-cp312-cp312-macosx_10_13_x86_64.whl", hash = "sha256:c2c7243d34aaede0efca7a5a96d67fddaebb4ad7e14a70991b9abee9dc5c0379", size = 11646758, upload-time = "2025-06-05T22:02:09.51Z" },
    { url = "https://files.pythonhosted.org/packages/58/d8/f3249232fa79a70cb40595282813e61453c1e76da3e1a44b77a63dd8d0cb/scikit_learn-1.7.0-cp312-cp312-macosx_12_0_arm64.whl", hash = "sha256:9f39f6a811bf3f15177b66c82cbe0d7b1ebad9f190737dcdef77cfca1ea3c19c", size = 10673971, upload-time = "2025-06-05T22:02:12.217Z" },
    { url = "https://files.pythonhosted.org/packages/67/93/eb14c50533bea2f77758abe7d60a10057e5f2e2cdcf0a75a14c6bc19c734/scikit_learn-1.7.0-cp312-cp312-manylinux_2_17_aarch64.manylinux2014_aarch64.whl", hash = "sha256:63017a5f9a74963d24aac7590287149a8d0f1a0799bbe7173c0d8ba1523293c0", size = 11818428, upload-time = "2025-06-05T22:02:14.947Z" },
    { url = "https://files.pythonhosted.org/packages/08/17/804cc13b22a8663564bb0b55fb89e661a577e4e88a61a39740d58b909efe/scikit_learn-1.7.0-cp312-cp312-manylinux_2_17_x86_64.manylinux2014_x86_64.whl", hash = "sha256:0b2f8a0b1e73e9a08b7cc498bb2aeab36cdc1f571f8ab2b35c6e5d1c7115d97d", size = 12505887, upload-time = "2025-06-05T22:02:17.824Z" },
    { url = "https://files.pythonhosted.org/packages/68/c7/4e956281a077f4835458c3f9656c666300282d5199039f26d9de1dabd9be/scikit_learn-1.7.0-cp312-cp312-win_amd64.whl", hash = "sha256:34cc8d9d010d29fb2b7cbcd5ccc24ffdd80515f65fe9f1e4894ace36b267ce19", size = 10668129, upload-time = "2025-06-05T22:02:20.536Z" },
]

[[package]]
name = "scipy"
version = "1.16.0"
source = { registry = "https://pypi.org/simple" }
dependencies = [
    { name = "numpy" },
]
sdist = { url = "https://files.pythonhosted.org/packages/81/18/b06a83f0c5ee8cddbde5e3f3d0bb9b702abfa5136ef6d4620ff67df7eee5/scipy-1.16.0.tar.gz", hash = "sha256:b5ef54021e832869c8cfb03bc3bf20366cbcd426e02a58e8a58d7584dfbb8f62", size = 30581216, upload-time = "2025-06-22T16:27:55.782Z" }
wheels = [
    { url = "https://files.pythonhosted.org/packages/d9/f8/53fc4884df6b88afd5f5f00240bdc49fee2999c7eff3acf5953eb15bc6f8/scipy-1.16.0-cp311-cp311-macosx_10_14_x86_64.whl", hash = "sha256:deec06d831b8f6b5fb0b652433be6a09db29e996368ce5911faf673e78d20085", size = 36447362, upload-time = "2025-06-22T16:18:17.817Z" },
    { url = "https://files.pythonhosted.org/packages/c9/25/fad8aa228fa828705142a275fc593d701b1817c98361a2d6b526167d07bc/scipy-1.16.0-cp311-cp311-macosx_12_0_arm64.whl", hash = "sha256:d30c0fe579bb901c61ab4bb7f3eeb7281f0d4c4a7b52dbf563c89da4fd2949be", size = 28547120, upload-time = "2025-06-22T16:18:24.117Z" },
    { url = "https://files.pythonhosted.org/packages/8d/be/d324ddf6b89fd1c32fecc307f04d095ce84abb52d2e88fab29d0cd8dc7a8/scipy-1.16.0-cp311-cp311-macosx_14_0_arm64.whl", hash = "sha256:b2243561b45257f7391d0f49972fca90d46b79b8dbcb9b2cb0f9df928d370ad4", size = 20818922, upload-time = "2025-06-22T16:18:28.035Z" },
    { url = "https://files.pythonhosted.org/packages/cd/e0/cf3f39e399ac83fd0f3ba81ccc5438baba7cfe02176be0da55ff3396f126/scipy-1.16.0-cp311-cp311-macosx_14_0_x86_64.whl", hash = "sha256:e6d7dfc148135e9712d87c5f7e4f2ddc1304d1582cb3a7d698bbadedb61c7afd", size = 23409695, upload-time = "2025-06-22T16:18:32.497Z" },
    { url = "https://files.pythonhosted.org/packages/5b/61/d92714489c511d3ffd6830ac0eb7f74f243679119eed8b9048e56b9525a1/scipy-1.16.0-cp311-cp311-manylinux2014_aarch64.manylinux_2_17_aarch64.whl", hash = "sha256:90452f6a9f3fe5a2cf3748e7be14f9cc7d9b124dce19667b54f5b429d680d539", size = 33444586, upload-time = "2025-06-22T16:18:37.992Z" },
    { url = "https://files.pythonhosted.org/packages/af/2c/40108915fd340c830aee332bb85a9160f99e90893e58008b659b9f3dddc0/scipy-1.16.0-cp311-cp311-manylinux2014_x86_64.manylinux_2_17_x86_64.whl", hash = "sha256:a2f0bf2f58031c8701a8b601df41701d2a7be17c7ffac0a4816aeba89c4cdac8", size = 35284126, upload-time = "2025-06-22T16:18:43.605Z" },
    { url = "https://files.pythonhosted.org/packages/d3/30/e9eb0ad3d0858df35d6c703cba0a7e16a18a56a9e6b211d861fc6f261c5f/scipy-1.16.0-cp311-cp311-musllinux_1_2_aarch64.whl", hash = "sha256:6c4abb4c11fc0b857474241b812ce69ffa6464b4bd8f4ecb786cf240367a36a7", size = 35608257, upload-time = "2025-06-22T16:18:49.09Z" },
    { url = "https://files.pythonhosted.org/packages/c8/ff/950ee3e0d612b375110d8cda211c1f787764b4c75e418a4b71f4a5b1e07f/scipy-1.16.0-cp311-cp311-musllinux_1_2_x86_64.whl", hash = "sha256:b370f8f6ac6ef99815b0d5c9f02e7ade77b33007d74802efc8316c8db98fd11e", size = 38040541, upload-time = "2025-06-22T16:18:55.077Z" },
    { url = "https://files.pythonhosted.org/packages/8b/c9/750d34788288d64ffbc94fdb4562f40f609d3f5ef27ab4f3a4ad00c9033e/scipy-1.16.0-cp311-cp311-win_amd64.whl", hash = "sha256:a16ba90847249bedce8aa404a83fb8334b825ec4a8e742ce6012a7a5e639f95c", size = 38570814, upload-time = "2025-06-22T16:19:00.912Z" },
    { url = "https://files.pythonhosted.org/packages/01/c0/c943bc8d2bbd28123ad0f4f1eef62525fa1723e84d136b32965dcb6bad3a/scipy-1.16.0-cp312-cp312-macosx_10_14_x86_64.whl", hash = "sha256:7eb6bd33cef4afb9fa5f1fb25df8feeb1e52d94f21a44f1d17805b41b1da3180", size = 36459071, upload-time = "2025-06-22T16:19:06.605Z" },
    { url = "https://files.pythonhosted.org/packages/99/0d/270e2e9f1a4db6ffbf84c9a0b648499842046e4e0d9b2275d150711b3aba/scipy-1.16.0-cp312-cp312-macosx_12_0_arm64.whl", hash = "sha256:1dbc8fdba23e4d80394ddfab7a56808e3e6489176d559c6c71935b11a2d59db1", size = 28490500, upload-time = "2025-06-22T16:19:11.775Z" },
    { url = "https://files.pythonhosted.org/packages/1c/22/01d7ddb07cff937d4326198ec8d10831367a708c3da72dfd9b7ceaf13028/scipy-1.16.0-cp312-cp312-macosx_14_0_arm64.whl", hash = "sha256:7dcf42c380e1e3737b343dec21095c9a9ad3f9cbe06f9c05830b44b1786c9e90", size = 20762345, upload-time = "2025-06-22T16:19:15.813Z" },
    { url = "https://files.pythonhosted.org/packages/34/7f/87fd69856569ccdd2a5873fe5d7b5bbf2ad9289d7311d6a3605ebde3a94b/scipy-1.16.0-cp312-cp312-macosx_14_0_x86_64.whl", hash = "sha256:26ec28675f4a9d41587266084c626b02899db373717d9312fa96ab17ca1ae94d", size = 23418563, upload-time = "2025-06-22T16:19:20.746Z" },
    { url = "https://files.pythonhosted.org/packages/f6/f1/e4f4324fef7f54160ab749efbab6a4bf43678a9eb2e9817ed71a0a2fd8de/scipy-1.16.0-cp312-cp312-manylinux2014_aarch64.manylinux_2_17_aarch64.whl", hash = "sha256:952358b7e58bd3197cfbd2f2f2ba829f258404bdf5db59514b515a8fe7a36c52", size = 33203951, upload-time = "2025-06-22T16:19:25.813Z" },
    { url = "https://files.pythonhosted.org/packages/6d/f0/b6ac354a956384fd8abee2debbb624648125b298f2c4a7b4f0d6248048a5/scipy-1.16.0-cp312-cp312-manylinux2014_x86_64.manylinux_2_17_x86_64.whl", hash = "sha256:03931b4e870c6fef5b5c0970d52c9f6ddd8c8d3e934a98f09308377eba6f3824", size = 35070225, upload-time = "2025-06-22T16:19:31.416Z" },
    { url = "https://files.pythonhosted.org/packages/e5/73/5cbe4a3fd4bc3e2d67ffad02c88b83edc88f381b73ab982f48f3df1a7790/scipy-1.16.0-cp312-cp312-musllinux_1_2_aarch64.whl", hash = "sha256:512c4f4f85912767c351a0306824ccca6fd91307a9f4318efe8fdbd9d30562ef", size = 35389070, upload-time = "2025-06-22T16:19:37.387Z" },
    { url = "https://files.pythonhosted.org/packages/86/e8/a60da80ab9ed68b31ea5a9c6dfd3c2f199347429f229bf7f939a90d96383/scipy-1.16.0-cp312-cp312-musllinux_1_2_x86_64.whl", hash = "sha256:e69f798847e9add03d512eaf5081a9a5c9a98757d12e52e6186ed9681247a1ac", size = 37825287, upload-time = "2025-06-22T16:19:43.375Z" },
    { url = "https://files.pythonhosted.org/packages/ea/b5/29fece1a74c6a94247f8a6fb93f5b28b533338e9c34fdcc9cfe7a939a767/scipy-1.16.0-cp312-cp312-win_amd64.whl", hash = "sha256:adf9b1999323ba335adc5d1dc7add4781cb5a4b0ef1e98b79768c05c796c4e49", size = 38431929, upload-time = "2025-06-22T16:19:49.385Z" },
]

[[package]]
name = "threadpoolctl"
version = "3.6.0"
source = { registry = "https://pypi.org/simple" }
sdist = { url = "https://files.pythonhosted.org/packages/b7/4d/08c89e34946fce2aec4fbb45c9016efd5f4d7f24af8e5d93296e935631d8/threadpoolctl-3.6.0.tar.gz", hash = "sha256:8ab8b4aa3491d812b623328249fab5302a68d2d71745c8a4c719a2fcaba9f44e", size = 21274, upload-time = "2025-03-13T13:49:23.031Z" }
wheels = [
    { url = "https://files.pythonhosted.org/packages/32/d5/f9a850d79b0851d1d4ef6456097579a9005b31fea68726a4ae5f2d82ddd9/threadpoolctl-3.6.0-py3-none-any.whl", hash = "sha256:43a0b8fd5a2928500110039e43a5eed8480b918967083ea48dc3ab9f13c4a7fb", size = 18638, upload-time = "2025-03-13T13:49:21.846Z" },
]
